
Microsoft Visual Studio Solution File, Format Version 12.00
# Visual Studio Version 17
VisualStudioVersion = 17.14.36408.4
MinimumVisualStudioVersion = 10.0.40219.1
Project("{FAE04EC0-301F-11D3-BF4B-00C04F79EFBC}") = "DVLD", "DVLD.csproj", "{D9344B9E-34E4-4AA0-82B0-0481BBE06C82}"
EndProject
Project("{FAE04EC0-301F-11D3-BF4B-00C04F79EFBC}") = "DVLD_BusinessLayer", "..\DVLD_BusinessLayer\DVLD_BusinessLayer.csproj", "{B9E30C26-29B6-4387-B90E-3AABF0F90291}"
EndProject
Project("{FAE04EC0-301F-11D3-BF4B-00C04F79EFBC}") = "DVLD_DataAccessLayer", "..\DVLD_DataAccessLayer\DVLD_DataAccessLayer.csproj", "{61549739-2982-4E97-BFC9-9360EB57C073}"
EndProject
Global
	GlobalSection(SolutionConfigurationPlatforms) = preSolution
		Debug|Any CPU = Debug|Any CPU
		Release|Any CPU = Release|Any CPU
	EndGlobalSection
	GlobalSection(ProjectConfigurationPlatforms) = postSolution
		{D9344B9E-34E4-4AA0-82B0-0481BBE06C82}.Debug|Any CPU.ActiveCfg = Debug|Any CPU
		{D9344B9E-34E4-4AA0-82B0-0481BBE06C82}.Debug|Any CPU.Build.0 = Debug|Any CPU
		{D9344B9E-34E4-4AA0-82B0-0481BBE06C82}.Release|Any CPU.ActiveCfg = Release|Any CPU
		{D9344B9E-34E4-4AA0-82B0-0481BBE06C82}.Release|Any CPU.Build.0 = Release|Any CPU
		{B9E30C26-29B6-4387-B90E-3AABF0F90291}.Debug|Any CPU.ActiveCfg = Debug|Any CPU
		{B9E30C26-29B6-4387-B90E-3AABF0F90291}.Debug|Any CPU.Build.0 = Debug|Any CPU
		{B9E30C26-29B6-4387-B90E-3AABF0F90291}.Release|Any CPU.ActiveCfg = Release|Any CPU
		{B9E30C26-29B6-4387-B90E-3AABF0F90291}.Release|Any CPU.Build.0 = Release|Any CPU
		{61549739-2982-4E97-BFC9-9360EB57C073}.Debug|Any CPU.ActiveCfg = Debug|Any CPU
		{61549739-2982-4E97-BFC9-9360EB57C073}.Debug|Any CPU.Build.0 = Debug|Any CPU
		{61549739-2982-4E97-BFC9-9360EB57C073}.Release|Any CPU.ActiveCfg = Release|Any CPU
		{61549739-2982-4E97-BFC9-9360EB57C073}.Release|Any CPU.Build.0 = Release|Any CPU
	EndGlobalSection
	GlobalSection(SolutionProperties) = preSolution
		HideSolutionNode = FALSE
	EndGlobalSection
	GlobalSection(ExtensibilityGlobals) = postSolution
		SolutionGuid = {85E9B08A-3211-4BB2-8488-8EB1CC0C7A4A}
	EndGlobalSection
EndGlobal
